
Microsoft Visual Studio Solution File, Format Version 12.00
# Visual Studio Version 17
VisualStudioVersion = 17.14.36414.22 d17.14
MinimumVisualStudioVersion = 10.0.40219.1
Project("{FAE04EC0-301F-11D3-BF4B-00C04F79EFBC}") = "Unidad2Act", "Unidad2Act\Unidad2Act.csproj", "{F9A4CA85-34C2-4C03-87A3-8321E7D57FFD}"
EndProject
Global
	GlobalSection(SolutionConfigurationPlatforms) = preSolution
		Debug|Any CPU = Debug|Any CPU
		Release|Any CPU = Release|Any CPU
	EndGlobalSection
	GlobalSection(ProjectConfigurationPlatforms) = postSolution
		{F9A4CA85-34C2-4C03-87A3-8321E7D57FFD}.Debug|Any CPU.ActiveCfg = Debug|Any CPU
		{F9A4CA85-34C2-4C03-87A3-8321E7D57FFD}.Debug|Any CPU.Build.0 = Debug|Any CPU
		{F9A4CA85-34C2-4C03-87A3-8321E7D57FFD}.Release|Any CPU.ActiveCfg = Release|Any CPU
		{F9A4CA85-34C2-4C03-87A3-8321E7D57FFD}.Release|Any CPU.Build.0 = Release|Any CPU
	EndGlobalSection
	GlobalSection(SolutionProperties) = preSolution
		HideSolutionNode = FALSE
	EndGlobalSection
	GlobalSection(ExtensibilityGlobals) = postSolution
		SolutionGuid = {B15B5597-6403-46E9-B44C-2DCB2A763F13}
	EndGlobalSection
EndGlobal
